
Microsoft Visual Studio Solution File, Format Version 12.00
# Visual Studio Version 17
VisualStudioVersion = 17.5.33424.131
MinimumVisualStudioVersion = 10.0.40219.1
Project("{9A19103F-16F7-4668-BE54-9A1E7A4F7556}") = "WorkshopItems", "WorkshopItems.csproj", "{CA6CC12D-39B9-4421-98C8-7A68314D7662}"
EndProject
Global
	GlobalSection(SolutionConfigurationPlatforms) = preSolution
		Debug|Any CPU = Debug|Any CPU
		Release|Any CPU = Release|Any CPU
	EndGlobalSection
	GlobalSection(ProjectConfigurationPlatforms) = postSolution
		{CA6CC12D-39B9-4421-98C8-7A68314D7662}.Debug|Any CPU.ActiveCfg = Debug|Any CPU
		{CA6CC12D-39B9-4421-98C8-7A68314D7662}.Debug|Any CPU.Build.0 = Debug|Any CPU
		{CA6CC12D-39B9-4421-98C8-7A68314D7662}.Release|Any CPU.ActiveCfg = Release|Any CPU
		{CA6CC12D-39B9-4421-98C8-7A68314D7662}.Release|Any CPU.Build.0 = Release|Any CPU
	EndGlobalSection
	GlobalSection(SolutionProperties) = preSolution
		HideSolutionNode = FALSE
	EndGlobalSection
	GlobalSection(ExtensibilityGlobals) = postSolution
		SolutionGuid = {829E1ADE-1686-4F60-A934-0B16BCF4C23F}
	EndGlobalSection
EndGlobal
